
Microsoft Visual Studio Solution File, Format Version 12.00
# Visual Studio 15
VisualStudioVersion = 15.0.27130.2027
MinimumVisualStudioVersion = 10.0.40219.1
Project("{FAE04EC0-301F-11D3-BF4B-00C04F79EFBC}") = "FSTECParser", "FSTECParser\FSTECParser.csproj", "{BB6C9D12-1F2B-47FC-8758-25DE3900BA4D}"
EndProject
Global
	GlobalSection(SolutionConfigurationPlatforms) = preSolution
		Debug|Any CPU = Debug|Any CPU
		Release|Any CPU = Release|Any CPU
	EndGlobalSection
	GlobalSection(ProjectConfigurationPlatforms) = postSolution
		{BB6C9D12-1F2B-47FC-8758-25DE3900BA4D}.Debug|Any CPU.ActiveCfg = Debug|Any CPU
		{BB6C9D12-1F2B-47FC-8758-25DE3900BA4D}.Debug|Any CPU.Build.0 = Debug|Any CPU
		{BB6C9D12-1F2B-47FC-8758-25DE3900BA4D}.Release|Any CPU.ActiveCfg = Release|Any CPU
		{BB6C9D12-1F2B-47FC-8758-25DE3900BA4D}.Release|Any CPU.Build.0 = Release|Any CPU
	EndGlobalSection
	GlobalSection(SolutionProperties) = preSolution
		HideSolutionNode = FALSE
	EndGlobalSection
	GlobalSection(ExtensibilityGlobals) = postSolution
		SolutionGuid = {EB8D336B-48C1-4864-85FC-B1F9C15C9CD5}
	EndGlobalSection
EndGlobal
